
Microsoft Visual Studio Solution File, Format Version 12.00
# Visual Studio Version 16
VisualStudioVersion = 16.0.30011.22
MinimumVisualStudioVersion = 10.0.40219.1
Project("{FAE04EC0-301F-11D3-BF4B-00C04F79EFBC}") = "DayPilot", "DayPilot\DayPilot.csproj", "{5D7983A4-CCFF-46F6-920F-F184A031D7E1}"
	ProjectSection(ProjectDependencies) = postProject
		{FD281F60-20B5-4B07-9EBD-E40FD87E9CB1} = {FD281F60-20B5-4B07-9EBD-E40FD87E9CB1}
	EndProjectSection
EndProject
Project("{FAE04EC0-301F-11D3-BF4B-00C04F79EFBC}") = "WebApp", "WebApp\WebApp.csproj", "{770C2144-06E6-4BDD-ADAA-12B2EA1EF4B9}"
	ProjectSection(ProjectDependencies) = postProject
		{C402A283-5905-4FB2-9A40-4AE1E39741B5} = {C402A283-5905-4FB2-9A40-4AE1E39741B5}
	EndProjectSection
EndProject
Project("{9A19103F-16F7-4668-BE54-9A1E7A4F7556}") = "Core", "Core\Core.csproj", "{FD281F60-20B5-4B07-9EBD-E40FD87E9CB1}"
EndProject
Project("{9A19103F-16F7-4668-BE54-9A1E7A4F7556}") = "Data", "Data\Data.csproj", "{C402A283-5905-4FB2-9A40-4AE1E39741B5}"
EndProject
Project("{FAE04EC0-301F-11D3-BF4B-00C04F79EFBC}") = "Test", "Test\Test.csproj", "{18B043C5-0558-45C6-BF65-5D8EC95A2D0E}"
EndProject
Global
	GlobalSection(SolutionConfigurationPlatforms) = preSolution
		Debug|Any CPU = Debug|Any CPU
		Release|Any CPU = Release|Any CPU
	EndGlobalSection
	GlobalSection(ProjectConfigurationPlatforms) = postSolution
		{5D7983A4-CCFF-46F6-920F-F184A031D7E1}.Debug|Any CPU.ActiveCfg = Debug|Any CPU
		{5D7983A4-CCFF-46F6-920F-F184A031D7E1}.Debug|Any CPU.Build.0 = Debug|Any CPU
		{5D7983A4-CCFF-46F6-920F-F184A031D7E1}.Release|Any CPU.ActiveCfg = Release|Any CPU
		{5D7983A4-CCFF-46F6-920F-F184A031D7E1}.Release|Any CPU.Build.0 = Release|Any CPU
		{770C2144-06E6-4BDD-ADAA-12B2EA1EF4B9}.Debug|Any CPU.ActiveCfg = Debug|Any CPU
		{770C2144-06E6-4BDD-ADAA-12B2EA1EF4B9}.Debug|Any CPU.Build.0 = Debug|Any CPU
		{770C2144-06E6-4BDD-ADAA-12B2EA1EF4B9}.Release|Any CPU.ActiveCfg = Release|Any CPU
		{770C2144-06E6-4BDD-ADAA-12B2EA1EF4B9}.Release|Any CPU.Build.0 = Release|Any CPU
		{FD281F60-20B5-4B07-9EBD-E40FD87E9CB1}.Debug|Any CPU.ActiveCfg = Debug|Any CPU
		{FD281F60-20B5-4B07-9EBD-E40FD87E9CB1}.Debug|Any CPU.Build.0 = Debug|Any CPU
		{FD281F60-20B5-4B07-9EBD-E40FD87E9CB1}.Release|Any CPU.ActiveCfg = Release|Any CPU
		{FD281F60-20B5-4B07-9EBD-E40FD87E9CB1}.Release|Any CPU.Build.0 = Release|Any CPU
		{C402A283-5905-4FB2-9A40-4AE1E39741B5}.Debug|Any CPU.ActiveCfg = Debug|Any CPU
		{C402A283-5905-4FB2-9A40-4AE1E39741B5}.Debug|Any CPU.Build.0 = Debug|Any CPU
		{C402A283-5905-4FB2-9A40-4AE1E39741B5}.Release|Any CPU.ActiveCfg = Release|Any CPU
		{C402A283-5905-4FB2-9A40-4AE1E39741B5}.Release|Any CPU.Build.0 = Release|Any CPU
		{18B043C5-0558-45C6-BF65-5D8EC95A2D0E}.Debug|Any CPU.ActiveCfg = Debug|Any CPU
		{18B043C5-0558-45C6-BF65-5D8EC95A2D0E}.Debug|Any CPU.Build.0 = Debug|Any CPU
		{18B043C5-0558-45C6-BF65-5D8EC95A2D0E}.Release|Any CPU.ActiveCfg = Release|Any CPU
		{18B043C5-0558-45C6-BF65-5D8EC95A2D0E}.Release|Any CPU.Build.0 = Release|Any CPU
	EndGlobalSection
	GlobalSection(SolutionProperties) = preSolution
		HideSolutionNode = FALSE
	EndGlobalSection
	GlobalSection(ExtensibilityGlobals) = postSolution
		SolutionGuid = {85042401-DB35-443E-9D8C-29EA4478F247}
	EndGlobalSection
EndGlobal
